
Microsoft Visual Studio Solution File, Format Version 11.00
# Visual Studio 2010
Project("{8BC9CEB8-8B4A-11D0-8D11-00A0C91BC942}") = "234101002_Digit", "234101002_Digit\234101002_Digit.vcxproj", "{33001CCB-E324-4102-88DE-E2226E3FCC96}"
EndProject
Global
	GlobalSection(SolutionConfigurationPlatforms) = preSolution
		Debug|Win32 = Debug|Win32
		Release|Win32 = Release|Win32
	EndGlobalSection
	GlobalSection(ProjectConfigurationPlatforms) = postSolution
		{33001CCB-E324-4102-88DE-E2226E3FCC96}.Debug|Win32.ActiveCfg = Debug|Win32
		{33001CCB-E324-4102-88DE-E2226E3FCC96}.Debug|Win32.Build.0 = Debug|Win32
		{33001CCB-E324-4102-88DE-E2226E3FCC96}.Release|Win32.ActiveCfg = Release|Win32
		{33001CCB-E324-4102-88DE-E2226E3FCC96}.Release|Win32.Build.0 = Release|Win32
	EndGlobalSection
	GlobalSection(SolutionProperties) = preSolution
		HideSolutionNode = FALSE
	EndGlobalSection
EndGlobal
